
Microsoft Visual Studio Solution File, Format Version 12.00
# Visual Studio Version 17
VisualStudioVersion = 17.14.36518.9
MinimumVisualStudioVersion = 10.0.40219.1
Project("{FAE04EC0-301F-11D3-BF4B-00C04F79EFBC}") = "ConsoleApp", "ConsoleApp\ConsoleApp.csproj", "{0CDFDCA7-C0E1-46D4-BB3D-1F3C5E5D60A6}"
EndProject
Global
	GlobalSection(SolutionConfigurationPlatforms) = preSolution
		Debug|Any CPU = Debug|Any CPU
		Release|Any CPU = Release|Any CPU
	EndGlobalSection
	GlobalSection(ProjectConfigurationPlatforms) = postSolution
		{0CDFDCA7-C0E1-46D4-BB3D-1F3C5E5D60A6}.Debug|Any CPU.ActiveCfg = Debug|Any CPU
		{0CDFDCA7-C0E1-46D4-BB3D-1F3C5E5D60A6}.Debug|Any CPU.Build.0 = Debug|Any CPU
		{0CDFDCA7-C0E1-46D4-BB3D-1F3C5E5D60A6}.Release|Any CPU.ActiveCfg = Release|Any CPU
		{0CDFDCA7-C0E1-46D4-BB3D-1F3C5E5D60A6}.Release|Any CPU.Build.0 = Release|Any CPU
	EndGlobalSection
	GlobalSection(SolutionProperties) = preSolution
		HideSolutionNode = FALSE
	EndGlobalSection
	GlobalSection(ExtensibilityGlobals) = postSolution
		SolutionGuid = {7857D913-CE28-4ECA-B6B5-B230307C33E3}
	EndGlobalSection
EndGlobal
